// !$*UTF8*$!
{
	archiveVersion = 1;
	classes = {
	};
	objectVersion = 50;
	objects = {

/* Begin PBXFileReference section */
		0107BBDB2608DB56004949E8 /* Makefile */ = {isa = PBXFileReference; lastKnownFileType = sourcecode.make; path = Makefile; sourceTree = "<group>"; };
		0107BBDC2608DB56004949E8 /* avrdude.conf */ = {isa = PBXFileReference; lastKnownFileType = text; path = avrdude.conf; sourceTree = "<group>"; };
		0107BBDD2608DB56004949E8 /* main.c */ = {isa = PBXFileReference; lastKnownFileType = sourcecode.c.c; path = main.c; sourceTree = "<group>"; };
		0107BBDE2608E1EA004949E8 /* board.c */ = {isa = PBXFileReference; lastKnownFileType = sourcecode.c.c; path = board.c; sourceTree = "<group>"; };
		0107BBDF2608E1EA004949E8 /* board.h */ = {isa = PBXFileReference; lastKnownFileType = sourcecode.c.h; path = board.h; sourceTree = "<group>"; };
		0107BBE02608E20A004949E8 /* version.h */ = {isa = PBXFileReference; lastKnownFileType = sourcecode.c.h; path = version.h; sourceTree = "<group>"; };
		0107BBE12608E20A004949E8 /* build.h */ = {isa = PBXFileReference; lastKnownFileType = sourcecode.c.h; path = build.h; sourceTree = "<group>"; };
		010F36E826126DC400C1A421 /* uart.h */ = {isa = PBXFileReference; lastKnownFileType = sourcecode.c.h; path = uart.h; sourceTree = "<group>"; };
		010F36E926126DC400C1A421 /* uart.c */ = {isa = PBXFileReference; lastKnownFileType = sourcecode.c.c; path = uart.c; sourceTree = "<group>"; };
/* End PBXFileReference section */

/* Begin PBXGroup section */
		0107BBD12608DABD004949E8 = {
			isa = PBXGroup;
			children = (
				010F36E826126DC400C1A421 /* uart.h */,
				010F36E926126DC400C1A421 /* uart.c */,
				0107BBE12608E20A004949E8 /* build.h */,
				0107BBE02608E20A004949E8 /* version.h */,
				0107BBDE2608E1EA004949E8 /* board.c */,
				0107BBDF2608E1EA004949E8 /* board.h */,
				0107BBDC2608DB56004949E8 /* avrdude.conf */,
				0107BBDD2608DB56004949E8 /* main.c */,
				0107BBDB2608DB56004949E8 /* Makefile */,
			);
			sourceTree = "<group>";
		};
/* End PBXGroup section */

/* Begin PBXProject section */
		0107BBD22608DABD004949E8 /* Project object */ = {
			isa = PBXProject;
			attributes = {
				LastUpgradeCheck = 1240;
			};
			buildConfigurationList = 0107BBD52608DABD004949E8 /* Build configuration list for PBXProject "edge-lock" */;
			compatibilityVersion = "Xcode 9.3";
			developmentRegion = en;
			hasScannedForEncodings = 0;
			knownRegions = (
				en,
				Base,
			);
			mainGroup = 0107BBD12608DABD004949E8;
			projectDirPath = "";
			projectRoot = "";
			targets = (
			);
		};
/* End PBXProject section */

/* Begin XCBuildConfiguration section */
		0107BBD62608DABD004949E8 /* Debug */ = {
			isa = XCBuildConfiguration;
			buildSettings = {
			};
			name = Debug;
		};
		0107BBD72608DABD004949E8 /* Release */ = {
			isa = XCBuildConfiguration;
			buildSettings = {
			};
			name = Release;
		};
/* End XCBuildConfiguration section */

/* Begin XCConfigurationList section */
		0107BBD52608DABD004949E8 /* Build configuration list for PBXProject "edge-lock" */ = {
			isa = XCConfigurationList;
			buildConfigurations = (
				0107BBD62608DABD004949E8 /* Debug */,
				0107BBD72608DABD004949E8 /* Release */,
			);
			defaultConfigurationIsVisible = 0;
			defaultConfigurationName = Release;
		};
/* End XCConfigurationList section */
	};
	rootObject = 0107BBD22608DABD004949E8 /* Project object */;
}
